
Microsoft Visual Studio Solution File, Format Version 12.00
# Visual Studio Version 16
VisualStudioVersion = 16.0.29230.61
MinimumVisualStudioVersion = 10.0.40219.1
Project("{9A19103F-16F7-4668-BE54-9A1E7A4F7556}") = "Golmodoth.Client", "Golmodoth.Client\Golmodoth.Client.csproj", "{4D634412-2A41-4B92-A35A-4F9EE2B26783}"
EndProject
Project("{FAE04EC0-301F-11D3-BF4B-00C04F79EFBC}") = "ConsoleGameEngine", "ConsoleGameEngine\Source\ConsoleGameEngine.csproj", "{7AF47A03-FABF-458B-BE6F-4F8BEF89A7E6}"
EndProject
Project("{9A19103F-16F7-4668-BE54-9A1E7A4F7556}") = "LionLibrary", "LionLibrary\LionLibrary\LionLibrary.csproj", "{E1D2687D-80D1-4C04-8DD8-26275A91185B}"
EndProject
Project("{9A19103F-16F7-4668-BE54-9A1E7A4F7556}") = "Golmodoth.Shared", "Golmodoth.Shared\Golmodoth.Shared.csproj", "{4F48DFAA-0AB7-44A2-87C9-0654068D6A7C}"
EndProject
Project("{9A19103F-16F7-4668-BE54-9A1E7A4F7556}") = "Golmodoth.Api", "Golmodoth.Api\Golmodoth.Api.csproj", "{5DD3FF6C-ACB1-425B-81D9-60C9050D2D69}"
EndProject
Project("{FAE04EC0-301F-11D3-BF4B-00C04F79EFBC}") = "Golmodoth.Server", "Golmodoth.Server\Golmodoth.Server.csproj", "{1E3FF573-2A62-4F91-946B-450619904658}"
EndProject
Global
	GlobalSection(SolutionConfigurationPlatforms) = preSolution
		Debug|Any CPU = Debug|Any CPU
		Release|Any CPU = Release|Any CPU
	EndGlobalSection
	GlobalSection(ProjectConfigurationPlatforms) = postSolution
		{4D634412-2A41-4B92-A35A-4F9EE2B26783}.Debug|Any CPU.ActiveCfg = Debug|Any CPU
		{4D634412-2A41-4B92-A35A-4F9EE2B26783}.Debug|Any CPU.Build.0 = Debug|Any CPU
		{4D634412-2A41-4B92-A35A-4F9EE2B26783}.Release|Any CPU.ActiveCfg = Release|Any CPU
		{4D634412-2A41-4B92-A35A-4F9EE2B26783}.Release|Any CPU.Build.0 = Release|Any CPU
		{7AF47A03-FABF-458B-BE6F-4F8BEF89A7E6}.Debug|Any CPU.ActiveCfg = Debug|Any CPU
		{7AF47A03-FABF-458B-BE6F-4F8BEF89A7E6}.Debug|Any CPU.Build.0 = Debug|Any CPU
		{7AF47A03-FABF-458B-BE6F-4F8BEF89A7E6}.Release|Any CPU.ActiveCfg = Release|Any CPU
		{7AF47A03-FABF-458B-BE6F-4F8BEF89A7E6}.Release|Any CPU.Build.0 = Release|Any CPU
		{E1D2687D-80D1-4C04-8DD8-26275A91185B}.Debug|Any CPU.ActiveCfg = Debug|Any CPU
		{E1D2687D-80D1-4C04-8DD8-26275A91185B}.Debug|Any CPU.Build.0 = Debug|Any CPU
		{E1D2687D-80D1-4C04-8DD8-26275A91185B}.Release|Any CPU.ActiveCfg = Release|Any CPU
		{E1D2687D-80D1-4C04-8DD8-26275A91185B}.Release|Any CPU.Build.0 = Release|Any CPU
		{4F48DFAA-0AB7-44A2-87C9-0654068D6A7C}.Debug|Any CPU.ActiveCfg = Debug|Any CPU
		{4F48DFAA-0AB7-44A2-87C9-0654068D6A7C}.Debug|Any CPU.Build.0 = Debug|Any CPU
		{4F48DFAA-0AB7-44A2-87C9-0654068D6A7C}.Release|Any CPU.ActiveCfg = Release|Any CPU
		{4F48DFAA-0AB7-44A2-87C9-0654068D6A7C}.Release|Any CPU.Build.0 = Release|Any CPU
		{5DD3FF6C-ACB1-425B-81D9-60C9050D2D69}.Debug|Any CPU.ActiveCfg = Debug|Any CPU
		{5DD3FF6C-ACB1-425B-81D9-60C9050D2D69}.Debug|Any CPU.Build.0 = Debug|Any CPU
		{5DD3FF6C-ACB1-425B-81D9-60C9050D2D69}.Release|Any CPU.ActiveCfg = Release|Any CPU
		{5DD3FF6C-ACB1-425B-81D9-60C9050D2D69}.Release|Any CPU.Build.0 = Release|Any CPU
		{1E3FF573-2A62-4F91-946B-450619904658}.Debug|Any CPU.ActiveCfg = Debug|Any CPU
		{1E3FF573-2A62-4F91-946B-450619904658}.Debug|Any CPU.Build.0 = Debug|Any CPU
		{1E3FF573-2A62-4F91-946B-450619904658}.Release|Any CPU.ActiveCfg = Release|Any CPU
		{1E3FF573-2A62-4F91-946B-450619904658}.Release|Any CPU.Build.0 = Release|Any CPU
	EndGlobalSection
	GlobalSection(SolutionProperties) = preSolution
		HideSolutionNode = FALSE
	EndGlobalSection
	GlobalSection(ExtensibilityGlobals) = postSolution
		SolutionGuid = {B1DEFD44-7A92-435A-8CA3-D7DA3F04B07E}
	EndGlobalSection
EndGlobal
